
Microsoft Visual Studio Solution File, Format Version 12.00
# Visual Studio Version 17
VisualStudioVersion = 17.1.31903.286
MinimumVisualStudioVersion = 10.0.40219.1
Project("{FAE04EC0-301F-11D3-BF4B-00C04F79EFBC}") = "Rn.NetCore.Metrics", "Rn.NetCore.Metrics\Rn.NetCore.Metrics.csproj", "{4372CF31-8FEA-4773-9DAC-C5FC6FA26CE5}"
EndProject
Global
	GlobalSection(SolutionConfigurationPlatforms) = preSolution
		Debug|Any CPU = Debug|Any CPU
		Release|Any CPU = Release|Any CPU
	EndGlobalSection
	GlobalSection(ProjectConfigurationPlatforms) = postSolution
		{4372CF31-8FEA-4773-9DAC-C5FC6FA26CE5}.Debug|Any CPU.ActiveCfg = Debug|Any CPU
		{4372CF31-8FEA-4773-9DAC-C5FC6FA26CE5}.Debug|Any CPU.Build.0 = Debug|Any CPU
		{4372CF31-8FEA-4773-9DAC-C5FC6FA26CE5}.Release|Any CPU.ActiveCfg = Release|Any CPU
		{4372CF31-8FEA-4773-9DAC-C5FC6FA26CE5}.Release|Any CPU.Build.0 = Release|Any CPU
	EndGlobalSection
	GlobalSection(SolutionProperties) = preSolution
		HideSolutionNode = FALSE
	EndGlobalSection
	GlobalSection(ExtensibilityGlobals) = postSolution
		SolutionGuid = {D33B7723-BDD5-4DF0-8D25-C16659970F48}
	EndGlobalSection
EndGlobal
